
Microsoft Visual Studio Solution File, Format Version 12.00
# Visual Studio 15
VisualStudioVersion = 15.0.28307.438
MinimumVisualStudioVersion = 10.0.40219.1
Project("{FAE04EC0-301F-11D3-BF4B-00C04F79EFBC}") = "QL_Ban_TV", "QL_Ban_TV\QL_Ban_TV.csproj", "{88C914F9-9855-49A1-A53B-6F398D6971D6}"
EndProject
Global
	GlobalSection(SolutionConfigurationPlatforms) = preSolution
		Debug|Any CPU = Debug|Any CPU
		Release|Any CPU = Release|Any CPU
	EndGlobalSection
	GlobalSection(ProjectConfigurationPlatforms) = postSolution
		{88C914F9-9855-49A1-A53B-6F398D6971D6}.Debug|Any CPU.ActiveCfg = Debug|Any CPU
		{88C914F9-9855-49A1-A53B-6F398D6971D6}.Debug|Any CPU.Build.0 = Debug|Any CPU
		{88C914F9-9855-49A1-A53B-6F398D6971D6}.Release|Any CPU.ActiveCfg = Release|Any CPU
		{88C914F9-9855-49A1-A53B-6F398D6971D6}.Release|Any CPU.Build.0 = Release|Any CPU
	EndGlobalSection
	GlobalSection(SolutionProperties) = preSolution
		HideSolutionNode = FALSE
	EndGlobalSection
	GlobalSection(ExtensibilityGlobals) = postSolution
		SolutionGuid = {AF597075-83D1-4AF6-84AA-7C9DA78BE1C5}
	EndGlobalSection
EndGlobal
